
Microsoft Visual Studio Solution File, Format Version 12.00
# Visual Studio Version 17
VisualStudioVersion = 17.12.35707.178
MinimumVisualStudioVersion = 10.0.40219.1
Project("{FAE04EC0-301F-11D3-BF4B-00C04F79EFBC}") = "Console", "Console\Console.csproj", "{6EDF7540-09EA-478F-82E1-946AD98FA2DE}"
EndProject
Project("{F184B08F-C81C-45F6-A57F-5ABD9991F28F}") = "MonitorDeComandes", "MonitorDeComandes\MonitorDeComandes.vbproj", "{ECE41A52-A80E-425F-8D6D-9303D76930CF}"
EndProject
Project("{FAE04EC0-301F-11D3-BF4B-00C04F79EFBC}") = "BlazorTemplate", "BlazorTemplate\BlazorTemplate.csproj", "{413E7EB4-C149-4543-8C38-65E519F51589}"
EndProject
Project("{FAE04EC0-301F-11D3-BF4B-00C04F79EFBC}") = "SeidorSmallWebApi", "SeidorSmallWebApi\SeidorSmallWebApi.csproj", "{826BCFB3-44A8-4F1B-805C-F3B62A3F0FC8}"
EndProject
Global
	GlobalSection(SolutionConfigurationPlatforms) = preSolution
		Debug|Any CPU = Debug|Any CPU
		Debug|x64 = Debug|x64
		Debug|x86 = Debug|x86
		Release|Any CPU = Release|Any CPU
		Release|x64 = Release|x64
		Release|x86 = Release|x86
	EndGlobalSection
	GlobalSection(ProjectConfigurationPlatforms) = postSolution
		{6EDF7540-09EA-478F-82E1-946AD98FA2DE}.Debug|Any CPU.ActiveCfg = Debug|Any CPU
		{6EDF7540-09EA-478F-82E1-946AD98FA2DE}.Debug|Any CPU.Build.0 = Debug|Any CPU
		{6EDF7540-09EA-478F-82E1-946AD98FA2DE}.Debug|x64.ActiveCfg = Debug|Any CPU
		{6EDF7540-09EA-478F-82E1-946AD98FA2DE}.Debug|x64.Build.0 = Debug|Any CPU
		{6EDF7540-09EA-478F-82E1-946AD98FA2DE}.Debug|x86.ActiveCfg = Debug|Any CPU
		{6EDF7540-09EA-478F-82E1-946AD98FA2DE}.Debug|x86.Build.0 = Debug|Any CPU
		{6EDF7540-09EA-478F-82E1-946AD98FA2DE}.Release|Any CPU.ActiveCfg = Release|Any CPU
		{6EDF7540-09EA-478F-82E1-946AD98FA2DE}.Release|Any CPU.Build.0 = Release|Any CPU
		{6EDF7540-09EA-478F-82E1-946AD98FA2DE}.Release|x64.ActiveCfg = Release|Any CPU
		{6EDF7540-09EA-478F-82E1-946AD98FA2DE}.Release|x64.Build.0 = Release|Any CPU
		{6EDF7540-09EA-478F-82E1-946AD98FA2DE}.Release|x86.ActiveCfg = Release|Any CPU
		{6EDF7540-09EA-478F-82E1-946AD98FA2DE}.Release|x86.Build.0 = Release|Any CPU
		{ECE41A52-A80E-425F-8D6D-9303D76930CF}.Debug|Any CPU.ActiveCfg = Debug|Any CPU
		{ECE41A52-A80E-425F-8D6D-9303D76930CF}.Debug|Any CPU.Build.0 = Debug|Any CPU
		{ECE41A52-A80E-425F-8D6D-9303D76930CF}.Debug|x64.ActiveCfg = Debug|x64
		{ECE41A52-A80E-425F-8D6D-9303D76930CF}.Debug|x64.Build.0 = Debug|x64
		{ECE41A52-A80E-425F-8D6D-9303D76930CF}.Debug|x86.ActiveCfg = Debug|x86
		{ECE41A52-A80E-425F-8D6D-9303D76930CF}.Debug|x86.Build.0 = Debug|x86
		{ECE41A52-A80E-425F-8D6D-9303D76930CF}.Release|Any CPU.ActiveCfg = Release|Any CPU
		{ECE41A52-A80E-425F-8D6D-9303D76930CF}.Release|Any CPU.Build.0 = Release|Any CPU
		{ECE41A52-A80E-425F-8D6D-9303D76930CF}.Release|x64.ActiveCfg = Release|x64
		{ECE41A52-A80E-425F-8D6D-9303D76930CF}.Release|x64.Build.0 = Release|x64
		{ECE41A52-A80E-425F-8D6D-9303D76930CF}.Release|x86.ActiveCfg = Release|x86
		{ECE41A52-A80E-425F-8D6D-9303D76930CF}.Release|x86.Build.0 = Release|x86
		{413E7EB4-C149-4543-8C38-65E519F51589}.Debug|Any CPU.ActiveCfg = Debug|Any CPU
		{413E7EB4-C149-4543-8C38-65E519F51589}.Debug|Any CPU.Build.0 = Debug|Any CPU
		{413E7EB4-C149-4543-8C38-65E519F51589}.Debug|x64.ActiveCfg = Debug|Any CPU
		{413E7EB4-C149-4543-8C38-65E519F51589}.Debug|x64.Build.0 = Debug|Any CPU
		{413E7EB4-C149-4543-8C38-65E519F51589}.Debug|x86.ActiveCfg = Debug|Any CPU
		{413E7EB4-C149-4543-8C38-65E519F51589}.Debug|x86.Build.0 = Debug|Any CPU
		{413E7EB4-C149-4543-8C38-65E519F51589}.Release|Any CPU.ActiveCfg = Release|Any CPU
		{413E7EB4-C149-4543-8C38-65E519F51589}.Release|Any CPU.Build.0 = Release|Any CPU
		{413E7EB4-C149-4543-8C38-65E519F51589}.Release|x64.ActiveCfg = Release|Any CPU
		{413E7EB4-C149-4543-8C38-65E519F51589}.Release|x64.Build.0 = Release|Any CPU
		{413E7EB4-C149-4543-8C38-65E519F51589}.Release|x86.ActiveCfg = Release|Any CPU
		{413E7EB4-C149-4543-8C38-65E519F51589}.Release|x86.Build.0 = Release|Any CPU
		{826BCFB3-44A8-4F1B-805C-F3B62A3F0FC8}.Debug|Any CPU.ActiveCfg = Debug|Any CPU
		{826BCFB3-44A8-4F1B-805C-F3B62A3F0FC8}.Debug|Any CPU.Build.0 = Debug|Any CPU
		{826BCFB3-44A8-4F1B-805C-F3B62A3F0FC8}.Debug|x64.ActiveCfg = Debug|Any CPU
		{826BCFB3-44A8-4F1B-805C-F3B62A3F0FC8}.Debug|x64.Build.0 = Debug|Any CPU
		{826BCFB3-44A8-4F1B-805C-F3B62A3F0FC8}.Debug|x86.ActiveCfg = Debug|Any CPU
		{826BCFB3-44A8-4F1B-805C-F3B62A3F0FC8}.Debug|x86.Build.0 = Debug|Any CPU
		{826BCFB3-44A8-4F1B-805C-F3B62A3F0FC8}.Release|Any CPU.ActiveCfg = Release|Any CPU
		{826BCFB3-44A8-4F1B-805C-F3B62A3F0FC8}.Release|Any CPU.Build.0 = Release|Any CPU
		{826BCFB3-44A8-4F1B-805C-F3B62A3F0FC8}.Release|x64.ActiveCfg = Release|Any CPU
		{826BCFB3-44A8-4F1B-805C-F3B62A3F0FC8}.Release|x64.Build.0 = Release|Any CPU
		{826BCFB3-44A8-4F1B-805C-F3B62A3F0FC8}.Release|x86.ActiveCfg = Release|Any CPU
		{826BCFB3-44A8-4F1B-805C-F3B62A3F0FC8}.Release|x86.Build.0 = Release|Any CPU
	EndGlobalSection
	GlobalSection(SolutionProperties) = preSolution
		HideSolutionNode = FALSE
	EndGlobalSection
EndGlobal
